// !$*UTF8*$!
{
	archiveVersion = 1;
	classes = {
	};
	objectVersion = 50;
	objects = {

/* Begin PBXBuildFile section */
		4077F9A49D6CAAAB3FF67375 /* Pods_TestingDemo.framework in Frameworks */ = {isa = PBXBuildFile; fileRef = 1046E830AC1ED21AE2EA71E8 /* Pods_TestingDemo.framework */; };
		B336A342240288BF0088C503 /* AppDelegate.swift in Sources */ = {isa = PBXBuildFile; fileRef = B336A341240288BF0088C503 /* AppDelegate.swift */; };
		B336A344240288BF0088C503 /* SceneDelegate.swift in Sources */ = {isa = PBXBuildFile; fileRef = B336A343240288BF0088C503 /* SceneDelegate.swift */; };
		B336A346240288BF0088C503 /* ViewController.swift in Sources */ = {isa = PBXBuildFile; fileRef = B336A345240288BF0088C503 /* ViewController.swift */; };
		B336A349240288BF0088C503 /* Main.storyboard in Resources */ = {isa = PBXBuildFile; fileRef = B336A347240288BF0088C503 /* Main.storyboard */; };
		B336A34B240288C00088C503 /* Assets.xcassets in Resources */ = {isa = PBXBuildFile; fileRef = B336A34A240288C00088C503 /* Assets.xcassets */; };
		B336A34E240288C00088C503 /* LaunchScreen.storyboard in Resources */ = {isa = PBXBuildFile; fileRef = B336A34C240288C00088C503 /* LaunchScreen.storyboard */; };
		B336A359240288C00088C503 /* TestingDemoTests.swift in Sources */ = {isa = PBXBuildFile; fileRef = B336A358240288C00088C503 /* TestingDemoTests.swift */; };
		E7EFF9B8B25AC1907FA48A37 /* Pods_TestingDemoTests.framework in Frameworks */ = {isa = PBXBuildFile; fileRef = AD37920060A6693D79B70AC8 /* Pods_TestingDemoTests.framework */; };
/* End PBXBuildFile section */

/* Begin PBXContainerItemProxy section */
		B336A355240288C00088C503 /* PBXContainerItemProxy */ = {
			isa = PBXContainerItemProxy;
			containerPortal = B336A336240288BF0088C503 /* Project object */;
			proxyType = 1;
			remoteGlobalIDString = B336A33D240288BF0088C503;
			remoteInfo = TestingDemo;
		};
/* End PBXContainerItemProxy section */

/* Begin PBXFileReference section */
		1046E830AC1ED21AE2EA71E8 /* Pods_TestingDemo.framework */ = {isa = PBXFileReference; explicitFileType = wrapper.framework; includeInIndex = 0; path = Pods_TestingDemo.framework; sourceTree = BUILT_PRODUCTS_DIR; };
		3DEB4741987BDCA484FBCBE3 /* Pods-TestingDemo.debug.xcconfig */ = {isa = PBXFileReference; includeInIndex = 1; lastKnownFileType = text.xcconfig; name = "Pods-TestingDemo.debug.xcconfig"; path = "Target Support Files/Pods-TestingDemo/Pods-TestingDemo.debug.xcconfig"; sourceTree = "<group>"; };
		404AAFB1C9581184D7F43AE9 /* Pods-TestingDemoTests.debug.xcconfig */ = {isa = PBXFileReference; includeInIndex = 1; lastKnownFileType = text.xcconfig; name = "Pods-TestingDemoTests.debug.xcconfig"; path = "Target Support Files/Pods-TestingDemoTests/Pods-TestingDemoTests.debug.xcconfig"; sourceTree = "<group>"; };
		AD37920060A6693D79B70AC8 /* Pods_TestingDemoTests.framework */ = {isa = PBXFileReference; explicitFileType = wrapper.framework; includeInIndex = 0; path = Pods_TestingDemoTests.framework; sourceTree = BUILT_PRODUCTS_DIR; };
		AF91D192A2352C3AEE3B0DAA /* Pods-TestingDemo.release.xcconfig */ = {isa = PBXFileReference; includeInIndex = 1; lastKnownFileType = text.xcconfig; name = "Pods-TestingDemo.release.xcconfig"; path = "Target Support Files/Pods-TestingDemo/Pods-TestingDemo.release.xcconfig"; sourceTree = "<group>"; };
		B336A33E240288BF0088C503 /* TestingDemo.app */ = {isa = PBXFileReference; explicitFileType = wrapper.application; includeInIndex = 0; path = TestingDemo.app; sourceTree = BUILT_PRODUCTS_DIR; };
		B336A341240288BF0088C503 /* AppDelegate.swift */ = {isa = PBXFileReference; lastKnownFileType = sourcecode.swift; path = AppDelegate.swift; sourceTree = "<group>"; };
		B336A343240288BF0088C503 /* SceneDelegate.swift */ = {isa = PBXFileReference; lastKnownFileType = sourcecode.swift; path = SceneDelegate.swift; sourceTree = "<group>"; };
		B336A345240288BF0088C503 /* ViewController.swift */ = {isa = PBXFileReference; lastKnownFileType = sourcecode.swift; path = ViewController.swift; sourceTree = "<group>"; };
		B336A348240288BF0088C503 /* Base */ = {isa = PBXFileReference; lastKnownFileType = file.storyboard; name = Base; path = Base.lproj/Main.storyboard; sourceTree = "<group>"; };
		B336A34A240288C00088C503 /* Assets.xcassets */ = {isa = PBXFileReference; lastKnownFileType = folder.assetcatalog; path = Assets.xcassets; sourceTree = "<group>"; };
		B336A34D240288C00088C503 /* Base */ = {isa = PBXFileReference; lastKnownFileType = file.storyboard; name = Base; path = Base.lproj/LaunchScreen.storyboard; sourceTree = "<group>"; };
		B336A34F240288C00088C503 /* Info.plist */ = {isa = PBXFileReference; lastKnownFileType = text.plist.xml; path = Info.plist; sourceTree = "<group>"; };
		B336A354240288C00088C503 /* TestingDemoTests.xctest */ = {isa = PBXFileReference; explicitFileType = wrapper.cfbundle; includeInIndex = 0; path = TestingDemoTests.xctest; sourceTree = BUILT_PRODUCTS_DIR; };
		B336A358240288C00088C503 /* TestingDemoTests.swift */ = {isa = PBXFileReference; lastKnownFileType = sourcecode.swift; path = TestingDemoTests.swift; sourceTree = "<group>"; };
		B336A35A240288C00088C503 /* Info.plist */ = {isa = PBXFileReference; lastKnownFileType = text.plist.xml; path = Info.plist; sourceTree = "<group>"; };
		B62A9488C21322C6A92B3824 /* Pods-TestingDemoTests.release.xcconfig */ = {isa = PBXFileReference; includeInIndex = 1; lastKnownFileType = text.xcconfig; name = "Pods-TestingDemoTests.release.xcconfig"; path = "Target Support Files/Pods-TestingDemoTests/Pods-TestingDemoTests.release.xcconfig"; sourceTree = "<group>"; };
/* End PBXFileReference section */

/* Begin PBXFrameworksBuildPhase section */
		B336A33B240288BF0088C503 /* Frameworks */ = {
			isa = PBXFrameworksBuildPhase;
			buildActionMask = 2147483647;
			files = (
				4077F9A49D6CAAAB3FF67375 /* Pods_TestingDemo.framework in Frameworks */,
			);
			runOnlyForDeploymentPostprocessing = 0;
		};
		B336A351240288C00088C503 /* Frameworks */ = {
			isa = PBXFrameworksBuildPhase;
			buildActionMask = 2147483647;
			files = (
				E7EFF9B8B25AC1907FA48A37 /* Pods_TestingDemoTests.framework in Frameworks */,
			);
			runOnlyForDeploymentPostprocessing = 0;
		};
/* End PBXFrameworksBuildPhase section */

/* Begin PBXGroup section */
		5E80EAF1964FF591AF64EEB0 /* Frameworks */ = {
			isa = PBXGroup;
			children = (
				1046E830AC1ED21AE2EA71E8 /* Pods_TestingDemo.framework */,
				AD37920060A6693D79B70AC8 /* Pods_TestingDemoTests.framework */,
			);
			name = Frameworks;
			sourceTree = "<group>";
		};
		B2A8F0FF079A55C53009E51A /* Pods */ = {
			isa = PBXGroup;
			children = (
				3DEB4741987BDCA484FBCBE3 /* Pods-TestingDemo.debug.xcconfig */,
				AF91D192A2352C3AEE3B0DAA /* Pods-TestingDemo.release.xcconfig */,
				404AAFB1C9581184D7F43AE9 /* Pods-TestingDemoTests.debug.xcconfig */,
				B62A9488C21322C6A92B3824 /* Pods-TestingDemoTests.release.xcconfig */,
			);
			name = Pods;
			path = Pods;
			sourceTree = "<group>";
		};
		B336A335240288BF0088C503 = {
			isa = PBXGroup;
			children = (
				B336A340240288BF0088C503 /* TestingDemo */,
				B336A357240288C00088C503 /* TestingDemoTests */,
				B336A33F240288BF0088C503 /* Products */,
				B2A8F0FF079A55C53009E51A /* Pods */,
				5E80EAF1964FF591AF64EEB0 /* Frameworks */,
			);
			sourceTree = "<group>";
		};
		B336A33F240288BF0088C503 /* Products */ = {
			isa = PBXGroup;
			children = (
				B336A33E240288BF0088C503 /* TestingDemo.app */,
				B336A354240288C00088C503 /* TestingDemoTests.xctest */,
			);
			name = Products;
			sourceTree = "<group>";
		};
		B336A340240288BF0088C503 /* TestingDemo */ = {
			isa = PBXGroup;
			children = (
				B336A341240288BF0088C503 /* AppDelegate.swift */,
				B336A343240288BF0088C503 /* SceneDelegate.swift */,
				B336A345240288BF0088C503 /* ViewController.swift */,
				B336A347240288BF0088C503 /* Main.storyboard */,
				B336A34A240288C00088C503 /* Assets.xcassets */,
				B336A34C240288C00088C503 /* LaunchScreen.storyboard */,
				B336A34F240288C00088C503 /* Info.plist */,
			);
			path = TestingDemo;
			sourceTree = "<group>";
		};
		B336A357240288C00088C503 /* TestingDemoTests */ = {
			isa = PBXGroup;
			children = (
				B336A358240288C00088C503 /* TestingDemoTests.swift */,
				B336A35A240288C00088C503 /* Info.plist */,
			);
			path = TestingDemoTests;
			sourceTree = "<group>";
		};
/* End PBXGroup section */

/* Begin PBXNativeTarget section */
		B336A33D240288BF0088C503 /* TestingDemo */ = {
			isa = PBXNativeTarget;
			buildConfigurationList = B336A35D240288C00088C503 /* Build configuration list for PBXNativeTarget "TestingDemo" */;
			buildPhases = (
				4B15522BF8400BE327BF7348 /* [CP] Check Pods Manifest.lock */,
				B336A33A240288BF0088C503 /* Sources */,
				B336A33B240288BF0088C503 /* Frameworks */,
				B336A33C240288BF0088C503 /* Resources */,
				25A9573FC0FDE5A92753AB08 /* [CP] Embed Pods Frameworks */,
			);
			buildRules = (
			);
			dependencies = (
			);
			name = TestingDemo;
			productName = TestingDemo;
			productReference = B336A33E240288BF0088C503 /* TestingDemo.app */;
			productType = "com.apple.product-type.application";
		};
		B336A353240288C00088C503 /* TestingDemoTests */ = {
			isa = PBXNativeTarget;
			buildConfigurationList = B336A360240288C00088C503 /* Build configuration list for PBXNativeTarget "TestingDemoTests" */;
			buildPhases = (
				703A9A9C9AEBB8E7463A4CFC /* [CP] Check Pods Manifest.lock */,
				B336A350240288C00088C503 /* Sources */,
				B336A351240288C00088C503 /* Frameworks */,
				B336A352240288C00088C503 /* Resources */,
				2900E2F7240EC4C11D30E351 /* [CP] Embed Pods Frameworks */,
			);
			buildRules = (
			);
			dependencies = (
				B336A356240288C00088C503 /* PBXTargetDependency */,
			);
			name = TestingDemoTests;
			productName = TestingDemoTests;
			productReference = B336A354240288C00088C503 /* TestingDemoTests.xctest */;
			productType = "com.apple.product-type.bundle.unit-test";
		};
/* End PBXNativeTarget section */

/* Begin PBXProject section */
		B336A336240288BF0088C503 /* Project object */ = {
			isa = PBXProject;
			attributes = {
				LastSwiftUpdateCheck = 1130;
				LastUpgradeCheck = 1130;
				ORGANIZATIONNAME = "Sławomir Sowiński";
				TargetAttributes = {
					B336A33D240288BF0088C503 = {
						CreatedOnToolsVersion = 11.3.1;
					};
					B336A353240288C00088C503 = {
						CreatedOnToolsVersion = 11.3.1;
						TestTargetID = B336A33D240288BF0088C503;
					};
				};
			};
			buildConfigurationList = B336A339240288BF0088C503 /* Build configuration list for PBXProject "TestingDemo" */;
			compatibilityVersion = "Xcode 9.3";
			developmentRegion = en;
			hasScannedForEncodings = 0;
			knownRegions = (
				en,
				Base,
			);
			mainGroup = B336A335240288BF0088C503;
			productRefGroup = B336A33F240288BF0088C503 /* Products */;
			projectDirPath = "";
			projectRoot = "";
			targets = (
				B336A33D240288BF0088C503 /* TestingDemo */,
				B336A353240288C00088C503 /* TestingDemoTests */,
			);
		};
/* End PBXProject section */

/* Begin PBXResourcesBuildPhase section */
		B336A33C240288BF0088C503 /* Resources */ = {
			isa = PBXResourcesBuildPhase;
			buildActionMask = 2147483647;
			files = (
				B336A34E240288C00088C503 /* LaunchScreen.storyboard in Resources */,
				B336A34B240288C00088C503 /* Assets.xcassets in Resources */,
				B336A349240288BF0088C503 /* Main.storyboard in Resources */,
			);
			runOnlyForDeploymentPostprocessing = 0;
		};
		B336A352240288C00088C503 /* Resources */ = {
			isa = PBXResourcesBuildPhase;
			buildActionMask = 2147483647;
			files = (
			);
			runOnlyForDeploymentPostprocessing = 0;
		};
/* End PBXResourcesBuildPhase section */

/* Begin PBXShellScriptBuildPhase section */
		25A9573FC0FDE5A92753AB08 /* [CP] Embed Pods Frameworks */ = {
			isa = PBXShellScriptBuildPhase;
			buildActionMask = 2147483647;
			files = (
			);
			inputFileListPaths = (
				"${PODS_ROOT}/Target Support Files/Pods-TestingDemo/Pods-TestingDemo-frameworks-${CONFIGURATION}-input-files.xcfilelist",
			);
			name = "[CP] Embed Pods Frameworks";
			outputFileListPaths = (
				"${PODS_ROOT}/Target Support Files/Pods-TestingDemo/Pods-TestingDemo-frameworks-${CONFIGURATION}-output-files.xcfilelist",
			);
			runOnlyForDeploymentPostprocessing = 0;
			shellPath = /bin/sh;
			shellScript = "\"${PODS_ROOT}/Target Support Files/Pods-TestingDemo/Pods-TestingDemo-frameworks.sh\"\n";
			showEnvVarsInLog = 0;
		};
		2900E2F7240EC4C11D30E351 /* [CP] Embed Pods Frameworks */ = {
			isa = PBXShellScriptBuildPhase;
			buildActionMask = 2147483647;
			files = (
			);
			inputFileListPaths = (
				"${PODS_ROOT}/Target Support Files/Pods-TestingDemoTests/Pods-TestingDemoTests-frameworks-${CONFIGURATION}-input-files.xcfilelist",
			);
			name = "[CP] Embed Pods Frameworks";
			outputFileListPaths = (
				"${PODS_ROOT}/Target Support Files/Pods-TestingDemoTests/Pods-TestingDemoTests-frameworks-${CONFIGURATION}-output-files.xcfilelist",
			);
			runOnlyForDeploymentPostprocessing = 0;
			shellPath = /bin/sh;
			shellScript = "\"${PODS_ROOT}/Target Support Files/Pods-TestingDemoTests/Pods-TestingDemoTests-frameworks.sh\"\n";
			showEnvVarsInLog = 0;
		};
		4B15522BF8400BE327BF7348 /* [CP] Check Pods Manifest.lock */ = {
			isa = PBXShellScriptBuildPhase;
			buildActionMask = 2147483647;
			files = (
			);
			inputFileListPaths = (
			);
			inputPaths = (
				"${PODS_PODFILE_DIR_PATH}/Podfile.lock",
				"${PODS_ROOT}/Manifest.lock",
			);
			name = "[CP] Check Pods Manifest.lock";
			outputFileListPaths = (
			);
			outputPaths = (
				"$(DERIVED_FILE_DIR)/Pods-TestingDemo-checkManifestLockResult.txt",
			);
			runOnlyForDeploymentPostprocessing = 0;
			shellPath = /bin/sh;
			shellScript = "diff \"${PODS_PODFILE_DIR_PATH}/Podfile.lock\" \"${PODS_ROOT}/Manifest.lock\" > /dev/null\nif [ $? != 0 ] ; then\n    # print error to STDERR\n    echo \"error: The sandbox is not in sync with the Podfile.lock. Run 'pod install' or update your CocoaPods installation.\" >&2\n    exit 1\nfi\n# This output is used by Xcode 'outputs' to avoid re-running this script phase.\necho \"SUCCESS\" > \"${SCRIPT_OUTPUT_FILE_0}\"\n";
			showEnvVarsInLog = 0;
		};
		703A9A9C9AEBB8E7463A4CFC /* [CP] Check Pods Manifest.lock */ = {
			isa = PBXShellScriptBuildPhase;
			buildActionMask = 2147483647;
			files = (
			);
			inputFileListPaths = (
			);
			inputPaths = (
				"${PODS_PODFILE_DIR_PATH}/Podfile.lock",
				"${PODS_ROOT}/Manifest.lock",
			);
			name = "[CP] Check Pods Manifest.lock";
			outputFileListPaths = (
			);
			outputPaths = (
				"$(DERIVED_FILE_DIR)/Pods-TestingDemoTests-checkManifestLockResult.txt",
			);
			runOnlyForDeploymentPostprocessing = 0;
			shellPath = /bin/sh;
			shellScript = "diff \"${PODS_PODFILE_DIR_PATH}/Podfile.lock\" \"${PODS_ROOT}/Manifest.lock\" > /dev/null\nif [ $? != 0 ] ; then\n    # print error to STDERR\n    echo \"error: The sandbox is not in sync with the Podfile.lock. Run 'pod install' or update your CocoaPods installation.\" >&2\n    exit 1\nfi\n# This output is used by Xcode 'outputs' to avoid re-running this script phase.\necho \"SUCCESS\" > \"${SCRIPT_OUTPUT_FILE_0}\"\n";
			showEnvVarsInLog = 0;
		};
/* End PBXShellScriptBuildPhase section */

/* Begin PBXSourcesBuildPhase section */
		B336A33A240288BF0088C503 /* Sources */ = {
			isa = PBXSourcesBuildPhase;
			buildActionMask = 2147483647;
			files = (
				B336A346240288BF0088C503 /* ViewController.swift in Sources */,
				B336A342240288BF0088C503 /* AppDelegate.swift in Sources */,
				B336A344240288BF0088C503 /* SceneDelegate.swift in Sources */,
			);
			runOnlyForDeploymentPostprocessing = 0;
		};
		B336A350240288C00088C503 /* Sources */ = {
			isa = PBXSourcesBuildPhase;
			buildActionMask = 2147483647;
			files = (
				B336A359240288C00088C503 /* TestingDemoTests.swift in Sources */,
			);
			runOnlyForDeploymentPostprocessing = 0;
		};
/* End PBXSourcesBuildPhase section */

/* Begin PBXTargetDependency section */
		B336A356240288C00088C503 /* PBXTargetDependency */ = {
			isa = PBXTargetDependency;
			target = B336A33D240288BF0088C503 /* TestingDemo */;
			targetProxy = B336A355240288C00088C503 /* PBXContainerItemProxy */;
		};
/* End PBXTargetDependency section */

/* Begin PBXVariantGroup section */
		B336A347240288BF0088C503 /* Main.storyboard */ = {
			isa = PBXVariantGroup;
			children = (
				B336A348240288BF0088C503 /* Base */,
			);
			name = Main.storyboard;
			sourceTree = "<group>";
		};
		B336A34C240288C00088C503 /* LaunchScreen.storyboard */ = {
			isa = PBXVariantGroup;
			children = (
				B336A34D240288C00088C503 /* Base */,
			);
			name = LaunchScreen.storyboard;
			sourceTree = "<group>";
		};
/* End PBXVariantGroup section */

/* Begin XCBuildConfiguration section */
		B336A35B240288C00088C503 /* Debug */ = {
			isa = XCBuildConfiguration;
			buildSettings = {
				ALWAYS_SEARCH_USER_PATHS = NO;
				CLANG_ANALYZER_NONNULL = YES;
				CLANG_ANALYZER_NUMBER_OBJECT_CONVERSION = YES_AGGRESSIVE;
				CLANG_CXX_LANGUAGE_STANDARD = "gnu++14";
				CLANG_CXX_LIBRARY = "libc++";
				CLANG_ENABLE_MODULES = YES;
				CLANG_ENABLE_OBJC_ARC = YES;
				CLANG_ENABLE_OBJC_WEAK = YES;
				CLANG_WARN_BLOCK_CAPTURE_AUTORELEASING = YES;
				CLANG_WARN_BOOL_CONVERSION = YES;
				CLANG_WARN_COMMA = YES;
				CLANG_WARN_CONSTANT_CONVERSION = YES;
				CLANG_WARN_DEPRECATED_OBJC_IMPLEMENTATIONS = YES;
				CLANG_WARN_DIRECT_OBJC_ISA_USAGE = YES_ERROR;
				CLANG_WARN_DOCUMENTATION_COMMENTS = YES;
				CLANG_WARN_EMPTY_BODY = YES;
				CLANG_WARN_ENUM_CONVERSION = YES;
				CLANG_WARN_INFINITE_RECURSION = YES;
				CLANG_WARN_INT_CONVERSION = YES;
				CLANG_WARN_NON_LITERAL_NULL_CONVERSION = YES;
				CLANG_WARN_OBJC_IMPLICIT_RETAIN_SELF = YES;
				CLANG_WARN_OBJC_LITERAL_CONVERSION = YES;
				CLANG_WARN_OBJC_ROOT_CLASS = YES_ERROR;
				CLANG_WARN_RANGE_LOOP_ANALYSIS = YES;
				CLANG_WARN_STRICT_PROTOTYPES = YES;
				CLANG_WARN_SUSPICIOUS_MOVE = YES;
				CLANG_WARN_UNGUARDED_AVAILABILITY = YES_AGGRESSIVE;
				CLANG_WARN_UNREACHABLE_CODE = YES;
				CLANG_WARN__DUPLICATE_METHOD_MATCH = YES;
				COPY_PHASE_STRIP = NO;
				DEBUG_INFORMATION_FORMAT = dwarf;
				ENABLE_STRICT_OBJC_MSGSEND = YES;
				ENABLE_TESTABILITY = YES;
				GCC_C_LANGUAGE_STANDARD = gnu11;
				GCC_DYNAMIC_NO_PIC = NO;
				GCC_NO_COMMON_BLOCKS = YES;
				GCC_OPTIMIZATION_LEVEL = 0;
				GCC_PREPROCESSOR_DEFINITIONS = (
					"DEBUG=1",
					"$(inherited)",
				);
				GCC_WARN_64_TO_32_BIT_CONVERSION = YES;
				GCC_WARN_ABOUT_RETURN_TYPE = YES_ERROR;
				GCC_WARN_UNDECLARED_SELECTOR = YES;
				GCC_WARN_UNINITIALIZED_AUTOS = YES_AGGRESSIVE;
				GCC_WARN_UNUSED_FUNCTION = YES;
				GCC_WARN_UNUSED_VARIABLE = YES;
				IPHONEOS_DEPLOYMENT_TARGET = 13.2;
				MTL_ENABLE_DEBUG_INFO = INCLUDE_SOURCE;
				MTL_FAST_MATH = YES;
				ONLY_ACTIVE_ARCH = YES;
				SDKROOT = iphoneos;
				SWIFT_ACTIVE_COMPILATION_CONDITIONS = DEBUG;
				SWIFT_OPTIMIZATION_LEVEL = "-Onone";
			};
			name = Debug;
		};
		B336A35C240288C00088C503 /* Release */ = {
			isa = XCBuildConfiguration;
			buildSettings = {
				ALWAYS_SEARCH_USER_PATHS = NO;
				CLANG_ANALYZER_NONNULL = YES;
				CLANG_ANALYZER_NUMBER_OBJECT_CONVERSION = YES_AGGRESSIVE;
				CLANG_CXX_LANGUAGE_STANDARD = "gnu++14";
				CLANG_CXX_LIBRARY = "libc++";
				CLANG_ENABLE_MODULES = YES;
				CLANG_ENABLE_OBJC_ARC = YES;
				CLANG_ENABLE_OBJC_WEAK = YES;
				CLANG_WARN_BLOCK_CAPTURE_AUTORELEASING = YES;
				CLANG_WARN_BOOL_CONVERSION = YES;
				CLANG_WARN_COMMA = YES;
				CLANG_WARN_CONSTANT_CONVERSION = YES;
				CLANG_WARN_DEPRECATED_OBJC_IMPLEMENTATIONS = YES;
				CLANG_WARN_DIRECT_OBJC_ISA_USAGE = YES_ERROR;
				CLANG_WARN_DOCUMENTATION_COMMENTS = YES;
				CLANG_WARN_EMPTY_BODY = YES;
				CLANG_WARN_ENUM_CONVERSION = YES;
				CLANG_WARN_INFINITE_RECURSION = YES;
				CLANG_WARN_INT_CONVERSION = YES;
				CLANG_WARN_NON_LITERAL_NULL_CONVERSION = YES;
				CLANG_WARN_OBJC_IMPLICIT_RETAIN_SELF = YES;
				CLANG_WARN_OBJC_LITERAL_CONVERSION = YES;
				CLANG_WARN_OBJC_ROOT_CLASS = YES_ERROR;
				CLANG_WARN_RANGE_LOOP_ANALYSIS = YES;
				CLANG_WARN_STRICT_PROTOTYPES = YES;
				CLANG_WARN_SUSPICIOUS_MOVE = YES;
				CLANG_WARN_UNGUARDED_AVAILABILITY = YES_AGGRESSIVE;
				CLANG_WARN_UNREACHABLE_CODE = YES;
				CLANG_WARN__DUPLICATE_METHOD_MATCH = YES;
				COPY_PHASE_STRIP = NO;
				DEBUG_INFORMATION_FORMAT = "dwarf-with-dsym";
				ENABLE_NS_ASSERTIONS = NO;
				ENABLE_STRICT_OBJC_MSGSEND = YES;
				GCC_C_LANGUAGE_STANDARD = gnu11;
				GCC_NO_COMMON_BLOCKS = YES;
				GCC_WARN_64_TO_32_BIT_CONVERSION = YES;
				GCC_WARN_ABOUT_RETURN_TYPE = YES_ERROR;
				GCC_WARN_UNDECLARED_SELECTOR = YES;
				GCC_WARN_UNINITIALIZED_AUTOS = YES_AGGRESSIVE;
				GCC_WARN_UNUSED_FUNCTION = YES;
				GCC_WARN_UNUSED_VARIABLE = YES;
				IPHONEOS_DEPLOYMENT_TARGET = 13.2;
				MTL_ENABLE_DEBUG_INFO = NO;
				MTL_FAST_MATH = YES;
				SDKROOT = iphoneos;
				SWIFT_COMPILATION_MODE = wholemodule;
				SWIFT_OPTIMIZATION_LEVEL = "-O";
				VALIDATE_PRODUCT = YES;
			};
			name = Release;
		};
		B336A35E240288C00088C503 /* Debug */ = {
			isa = XCBuildConfiguration;
			baseConfigurationReference = 3DEB4741987BDCA484FBCBE3 /* Pods-TestingDemo.debug.xcconfig */;
			buildSettings = {
				ASSETCATALOG_COMPILER_APPICON_NAME = AppIcon;
				CODE_SIGN_STYLE = Automatic;
				INFOPLIST_FILE = TestingDemo/Info.plist;
				LD_RUNPATH_SEARCH_PATHS = (
					"$(inherited)",
					"@executable_path/Frameworks",
				);
				PRODUCT_BUNDLE_IDENTIFIER = sl.sowinski.TestingDemo;
				PRODUCT_NAME = "$(TARGET_NAME)";
				SWIFT_VERSION = 5.0;
				TARGETED_DEVICE_FAMILY = "1,2";
			};
			name = Debug;
		};
		B336A35F240288C00088C503 /* Release */ = {
			isa = XCBuildConfiguration;
			baseConfigurationReference = AF91D192A2352C3AEE3B0DAA /* Pods-TestingDemo.release.xcconfig */;
			buildSettings = {
				ASSETCATALOG_COMPILER_APPICON_NAME = AppIcon;
				CODE_SIGN_STYLE = Automatic;
				INFOPLIST_FILE = TestingDemo/Info.plist;
				LD_RUNPATH_SEARCH_PATHS = (
					"$(inherited)",
					"@executable_path/Frameworks",
				);
				PRODUCT_BUNDLE_IDENTIFIER = sl.sowinski.TestingDemo;
				PRODUCT_NAME = "$(TARGET_NAME)";
				SWIFT_VERSION = 5.0;
				TARGETED_DEVICE_FAMILY = "1,2";
			};
			name = Release;
		};
		B336A361240288C00088C503 /* Debug */ = {
			isa = XCBuildConfiguration;
			baseConfigurationReference = 404AAFB1C9581184D7F43AE9 /* Pods-TestingDemoTests.debug.xcconfig */;
			buildSettings = {
				ALWAYS_EMBED_SWIFT_STANDARD_LIBRARIES = YES;
				BUNDLE_LOADER = "$(TEST_HOST)";
				CODE_SIGN_STYLE = Automatic;
				INFOPLIST_FILE = TestingDemoTests/Info.plist;
				IPHONEOS_DEPLOYMENT_TARGET = 13.2;
				LD_RUNPATH_SEARCH_PATHS = (
					"$(inherited)",
					"@executable_path/Frameworks",
					"@loader_path/Frameworks",
				);
				PRODUCT_BUNDLE_IDENTIFIER = sl.sowinski.TestingDemoTests;
				PRODUCT_NAME = "$(TARGET_NAME)";
				SWIFT_VERSION = 5.0;
				TARGETED_DEVICE_FAMILY = "1,2";
				TEST_HOST = "$(BUILT_PRODUCTS_DIR)/TestingDemo.app/TestingDemo";
			};
			name = Debug;
		};
		B336A362240288C00088C503 /* Release */ = {
			isa = XCBuildConfiguration;
			baseConfigurationReference = B62A9488C21322C6A92B3824 /* Pods-TestingDemoTests.release.xcconfig */;
			buildSettings = {
				ALWAYS_EMBED_SWIFT_STANDARD_LIBRARIES = YES;
				BUNDLE_LOADER = "$(TEST_HOST)";
				CODE_SIGN_STYLE = Automatic;
				INFOPLIST_FILE = TestingDemoTests/Info.plist;
				IPHONEOS_DEPLOYMENT_TARGET = 13.2;
				LD_RUNPATH_SEARCH_PATHS = (
					"$(inherited)",
					"@executable_path/Frameworks",
					"@loader_path/Frameworks",
				);
				PRODUCT_BUNDLE_IDENTIFIER = sl.sowinski.TestingDemoTests;
				PRODUCT_NAME = "$(TARGET_NAME)";
				SWIFT_VERSION = 5.0;
				TARGETED_DEVICE_FAMILY = "1,2";
				TEST_HOST = "$(BUILT_PRODUCTS_DIR)/TestingDemo.app/TestingDemo";
			};
			name = Release;
		};
/* End XCBuildConfiguration section */

/* Begin XCConfigurationList section */
		B336A339240288BF0088C503 /* Build configuration list for PBXProject "TestingDemo" */ = {
			isa = XCConfigurationList;
			buildConfigurations = (
				B336A35B240288C00088C503 /* Debug */,
				B336A35C240288C00088C503 /* Release */,
			);
			defaultConfigurationIsVisible = 0;
			defaultConfigurationName = Release;
		};
		B336A35D240288C00088C503 /* Build configuration list for PBXNativeTarget "TestingDemo" */ = {
			isa = XCConfigurationList;
			buildConfigurations = (
				B336A35E240288C00088C503 /* Debug */,
				B336A35F240288C00088C503 /* Release */,
			);
			defaultConfigurationIsVisible = 0;
			defaultConfigurationName = Release;
		};
		B336A360240288C00088C503 /* Build configuration list for PBXNativeTarget "TestingDemoTests" */ = {
			isa = XCConfigurationList;
			buildConfigurations = (
				B336A361240288C00088C503 /* Debug */,
				B336A362240288C00088C503 /* Release */,
			);
			defaultConfigurationIsVisible = 0;
			defaultConfigurationName = Release;
		};
/* End XCConfigurationList section */
	};
	rootObject = B336A336240288BF0088C503 /* Project object */;
}
